
Microsoft Visual Studio Solution File, Format Version 12.00
# Visual Studio Version 16
VisualStudioVersion = 16.0.31019.35
MinimumVisualStudioVersion = 10.0.40219.1
Project("{FAE04EC0-301F-11D3-BF4B-00C04F79EFBC}") = "Voting-Calculator", "Voting-Calculator\Voting-Calculator.csproj", "{44184F8D-A8FC-48B3-BC8D-B236E13E061B}"
EndProject
Global
	GlobalSection(SolutionConfigurationPlatforms) = preSolution
		Debug|Any CPU = Debug|Any CPU
		Release|Any CPU = Release|Any CPU
	EndGlobalSection
	GlobalSection(ProjectConfigurationPlatforms) = postSolution
		{44184F8D-A8FC-48B3-BC8D-B236E13E061B}.Debug|Any CPU.ActiveCfg = Debug|Any CPU
		{44184F8D-A8FC-48B3-BC8D-B236E13E061B}.Debug|Any CPU.Build.0 = Debug|Any CPU
		{44184F8D-A8FC-48B3-BC8D-B236E13E061B}.Release|Any CPU.ActiveCfg = Release|Any CPU
		{44184F8D-A8FC-48B3-BC8D-B236E13E061B}.Release|Any CPU.Build.0 = Release|Any CPU
	EndGlobalSection
	GlobalSection(SolutionProperties) = preSolution
		HideSolutionNode = FALSE
	EndGlobalSection
	GlobalSection(ExtensibilityGlobals) = postSolution
		SolutionGuid = {7588C4EC-8882-46EA-97AF-7878456744E7}
	EndGlobalSection
EndGlobal
